
Microsoft Visual Studio Solution File, Format Version 9.00
# Visual Studio 2005
Project("{8BC9CEB8-8B4A-11D0-8D11-00A0C91BC942}") = "SYNTP", "..\SYNTP\SYNTP\SYNTP.vcproj", "{B96D3F95-5764-43B8-99E2-A7F2B81A647A}"
EndProject
Project("{8BC9CEB8-8B4A-11D0-8D11-00A0C91BC942}") = "SYNTPDemo", "..\SYNTPDemo\SYNTPDemo\SYNTPDemo.vcproj", "{AD220E86-212C-4D36-9130-4B1E61BD2FF4}"
	ProjectSection(ProjectDependencies) = postProject
		{B96D3F95-5764-43B8-99E2-A7F2B81A647A} = {B96D3F95-5764-43B8-99E2-A7F2B81A647A}
	EndProjectSection
EndProject
Global
	GlobalSection(SolutionConfigurationPlatforms) = preSolution
		Debug|Win32 = Debug|Win32
		Release|Win32 = Release|Win32
	EndGlobalSection
	GlobalSection(ProjectConfigurationPlatforms) = postSolution
		{B96D3F95-5764-43B8-99E2-A7F2B81A647A}.Debug|Win32.ActiveCfg = Debug|Win32
		{B96D3F95-5764-43B8-99E2-A7F2B81A647A}.Debug|Win32.Build.0 = Debug|Win32
		{B96D3F95-5764-43B8-99E2-A7F2B81A647A}.Release|Win32.ActiveCfg = Release|Win32
		{B96D3F95-5764-43B8-99E2-A7F2B81A647A}.Release|Win32.Build.0 = Release|Win32
		{AD220E86-212C-4D36-9130-4B1E61BD2FF4}.Debug|Win32.ActiveCfg = Debug|Win32
		{AD220E86-212C-4D36-9130-4B1E61BD2FF4}.Debug|Win32.Build.0 = Debug|Win32
		{AD220E86-212C-4D36-9130-4B1E61BD2FF4}.Release|Win32.ActiveCfg = Release|Win32
		{AD220E86-212C-4D36-9130-4B1E61BD2FF4}.Release|Win32.Build.0 = Release|Win32
	EndGlobalSection
	GlobalSection(SolutionProperties) = preSolution
		HideSolutionNode = FALSE
	EndGlobalSection
EndGlobal
